
Microsoft Visual Studio Solution File, Format Version 12.00
# Visual Studio Version 17
VisualStudioVersion = 17.11.35327.3
MinimumVisualStudioVersion = 10.0.40219.1
Project("{FAE04EC0-301F-11D3-BF4B-00C04F79EFBC}") = "ConsoleApp1", "ConsoleApp1.csproj", "{E76A7912-FA33-435B-87B8-89DAF73D0460}"
EndProject
Global
	GlobalSection(SolutionConfigurationPlatforms) = preSolution
		Debug|Any CPU = Debug|Any CPU
		Release|Any CPU = Release|Any CPU
	EndGlobalSection
	GlobalSection(ProjectConfigurationPlatforms) = postSolution
		{E76A7912-FA33-435B-87B8-89DAF73D0460}.Debug|Any CPU.ActiveCfg = Debug|Any CPU
		{E76A7912-FA33-435B-87B8-89DAF73D0460}.Debug|Any CPU.Build.0 = Debug|Any CPU
		{E76A7912-FA33-435B-87B8-89DAF73D0460}.Release|Any CPU.ActiveCfg = Release|Any CPU
		{E76A7912-FA33-435B-87B8-89DAF73D0460}.Release|Any CPU.Build.0 = Release|Any CPU
	EndGlobalSection
	GlobalSection(SolutionProperties) = preSolution
		HideSolutionNode = FALSE
	EndGlobalSection
	GlobalSection(ExtensibilityGlobals) = postSolution
		SolutionGuid = {253C2B7B-BC53-43CE-ACB0-1C82233D1CD9}
	EndGlobalSection
EndGlobal
